
Microsoft Visual Studio Solution File, Format Version 12.00
# Visual Studio Version 16
VisualStudioVersion = 16.0.30011.22
MinimumVisualStudioVersion = 10.0.40219.1
Project("{9A19103F-16F7-4668-BE54-9A1E7A4F7556}") = "www", "www\osafw.csproj", "{133B6565-4929-4974-A6F1-AB487215EF79}"
EndProject
Project("{2150E333-8FDC-42A3-9474-1A3956D46DE8}") = "Solution Items", "Solution Items", "{FA5F8B04-9EF4-4845-A2A5-DB803DB288B1}"
	ProjectSection(SolutionItems) = preProject
		.editorconfig = .editorconfig
	EndProjectSection
EndProject
Project("{FAE04EC0-301F-11D3-BF4B-00C04F79EFBC}") = "TestsProject", "TestsProject\TestsProject.csproj", "{23B2BC03-49F0-44AE-AAFC-BA5296B57B1C}"
EndProject
Global
	GlobalSection(SolutionConfigurationPlatforms) = preSolution
		Debug|Any CPU = Debug|Any CPU
		Release|Any CPU = Release|Any CPU
	EndGlobalSection
	GlobalSection(ProjectConfigurationPlatforms) = postSolution
		{133B6565-4929-4974-A6F1-AB487215EF79}.Debug|Any CPU.ActiveCfg = Debug|Any CPU
		{133B6565-4929-4974-A6F1-AB487215EF79}.Debug|Any CPU.Build.0 = Debug|Any CPU
		{133B6565-4929-4974-A6F1-AB487215EF79}.Release|Any CPU.ActiveCfg = Release|Any CPU
		{133B6565-4929-4974-A6F1-AB487215EF79}.Release|Any CPU.Build.0 = Release|Any CPU
		{23B2BC03-49F0-44AE-AAFC-BA5296B57B1C}.Debug|Any CPU.ActiveCfg = Debug|Any CPU
		{23B2BC03-49F0-44AE-AAFC-BA5296B57B1C}.Debug|Any CPU.Build.0 = Debug|Any CPU
		{23B2BC03-49F0-44AE-AAFC-BA5296B57B1C}.Release|Any CPU.ActiveCfg = Release|Any CPU
		{23B2BC03-49F0-44AE-AAFC-BA5296B57B1C}.Release|Any CPU.Build.0 = Release|Any CPU
	EndGlobalSection
	GlobalSection(SolutionProperties) = preSolution
		HideSolutionNode = FALSE
	EndGlobalSection
	GlobalSection(ExtensibilityGlobals) = postSolution
		SolutionGuid = {FDCBFA6F-45BA-4FD4-B879-B3D574A4CD33}
	EndGlobalSection
EndGlobal
