
Microsoft Visual Studio Solution File, Format Version 12.00
# Visual Studio Version 16
VisualStudioVersion = 16.0.31321.278
MinimumVisualStudioVersion = 10.0.40219.1
Project("{9A19103F-16F7-4668-BE54-9A1E7A4F7556}") = "osafw", "osafw.csproj", "{4F1B2F53-92B3-44BB-92A9-B1D268E06D4B}"
EndProject
Global
	GlobalSection(SolutionConfigurationPlatforms) = preSolution
		Debug|Any CPU = Debug|Any CPU
		Release|Any CPU = Release|Any CPU
	EndGlobalSection
	GlobalSection(ProjectConfigurationPlatforms) = postSolution
		{4F1B2F53-92B3-44BB-92A9-B1D268E06D4B}.Debug|Any CPU.ActiveCfg = Debug|Any CPU
		{4F1B2F53-92B3-44BB-92A9-B1D268E06D4B}.Debug|Any CPU.Build.0 = Debug|Any CPU
		{4F1B2F53-92B3-44BB-92A9-B1D268E06D4B}.Release|Any CPU.ActiveCfg = Release|Any CPU
		{4F1B2F53-92B3-44BB-92A9-B1D268E06D4B}.Release|Any CPU.Build.0 = Release|Any CPU
	EndGlobalSection
	GlobalSection(SolutionProperties) = preSolution
		HideSolutionNode = FALSE
	EndGlobalSection
	GlobalSection(ExtensibilityGlobals) = postSolution
		SolutionGuid = {4FEAF719-D674-44EA-9D65-1AE75DED5341}
	EndGlobalSection
EndGlobal
